{
  "object": {
    "pins": [
      {
        "package": "JarMVVMC",
        "repositoryURL": "https://github.com/Jranco/JarMVVMC.git",
        "state": {
          "branch": null,
          "revision": "819cd765cca0f58ce8bd6bf6b4f88c5890c11bdb",
          "version": "1.0.0"
        }
      }
    ]
  },
  "version": 1
}
