{
  "object": {
    "pins": [
      {
        "package": "JarMVVMC",
        "repositoryURL": "https://github.com/Jranco/JarMVVMC",
        "state": {
          "branch": null,
          "revision": "df38c8f8d508367133b9cd9b3a8e5547e1f44648",
          "version": "1.0.0"
        }
      }
    ]
  },
  "version": 1
}
